core:changelogs:
  - content: "---\npackages:\n  \"@pluxel/cli\":\n    type: minor\n  \"@pluxel/host-vite\":\n    type: minor\n  \"@pluxel/create\":\n    type: patch\n---\n\n# Bind development packages, documentation and skills to one source\n\nGit CLI setup uses its owning checkout instead of a global Pluxel override, manages ignored docs/skill links and records workspace setup. CLI releases include offline development resources; `workspace setup` materializes them and `docs` reads their contents. Development hosts check project setup before startup. Generated project instructions describe the unified setup flow.\n"
    filename: development-workspace-setup.md
    v: 0.0.0
  - content: "---\npackages:\n  \"@pluxel/host\":\n    type: major\n  \"@pluxel/host-vite\":\n    type: major\n  \"@pluxel/rolldown\":\n    type: major\n  \"@pluxel/services\":\n    type: major\n  \"@pluxel/workbench\":\n    type: major\n  \"@pluxel/create\":\n    type: minor\n  \"@pluxel/cli\":\n    type: patch\n  \"@pluxel/auth\":\n    type: patch\n  \"@pluxel/canvas\":\n    type: patch\n  \"@pluxel/echarts\":\n    type: patch\n  \"@pluxel/fonts\":\n    type: patch\n  \"@pluxel/takumi\":\n    type: patch\n  \"@pluxel/wretch\":\n    type: patch\n---\n\n# Native modules delivery and owned Vite execution\n\nReplace Host dynamic source execution with pure `@pluxel/host/sources` declarations. Native startup accepts a precompiled application module path and binds shared packages before evaluating its factory and fixed imports, then scans sources once, validates shared package versions and loaded artifact inventories, and reports next-start consumption. `createHost()` accepts evaluated Plugins only.\n\nRename Host Dev to `@pluxel/host-vite`. Its root configures the same update driver for development and production; `/run` owns production startup and close, while `/console` remains development-only. Execution diagnostics explicitly distinguish native/Vite, fixed/source, artifact and update behavior. Workbench runtime artifact attachments move to `/vite`.\n\nExecution and build options are captured at owner creation. Source admission consistently rejects linked entry leaves with a located error. Host-vite observes rapid file repairs and drains accepted watcher work; production close releases remaining resources after failures and preserves its rejection on repeated calls. Artifact candidate commit and rollback are synchronous contracts checked for JavaScript callers too.\n\nDevelopment startup distinguishes the workspace used by CLI doctor from the member package that declares the CLI. It preserves explicit configuration roots and project installation boundaries, and reports invalid setup through the existing doctor.\n\nAdd modules application delivery with an exported factory/product, unique compiled public exports, unchanged canonical identities and verified Node/Workbench inventories. Standalone remains the default fixed-catalog build. Generated hosts use modules with native startup and an independent production Vite example; CLI resources and documentation follow these contracts. Removed entry points and fields have no aliases.\n\nStandalone delivery preserves traced native libraries in the `@pluxel` namespace through explicit residual selection; Core/Host identities remain bundled and traced duplicate framework copies are rejected. Native startup reuses successful namespace admission within its loader and stores cached entry closures as shared immutable prefix views. Vite validates its completed initial source observation once, while live updates and source consumers retain current validation.\n\nOfficial published Plugins declare their artifact root and Node/Workbench inventory capabilities so installed consumers validate the compiled artifacts owned by the actual loaded package.\n\nStandalone Workbench builds select producer and Content owners from the validated fixed catalog using the existing compiler's constructor bindings. Unselected definitions do not read renderer/Markdown inputs, build UI, or copy package artifact trees; selected inventories retain strict validation.\n"
    filename: native-modules-vite-runtime.md
    v: 0.0.0
  - content: "---\npackages:\n  \"@pluxel/services\":\n    type: major\n  \"@pluxel/create\":\n    type: patch\n---\n\n# Use the application build entry directly\n\nRemove `buildPreset()` and the `@pluxel/services/build` export. Application builds use `pluxel()` from `@pluxel/rolldown`; delivery, Workbench variant, launcher and residual dependency options keep their existing behavior and defaults. Runtime service and Vite attachment presets retain their distinct contracts.\n\nGenerated hosts and the official Host example import the same application build entry. No compatibility alias or forwarding entry remains.\n"
    filename: application-build-entry.md
    v: 0.0.0
  - content: "---\npackages:\n  \"@pluxel/host\":\n    type: patch\n  \"@pluxel/host-vite\":\n    type: patch\n  \"@pluxel/rolldown\":\n    type: patch\n  \"@pluxel/services\":\n    type: patch\n---\n\n# Preserve runtime admission and resource ownership\n\nCapture Host service, source, state and catalog selections before asynchronous preparation, and fix binding paths, namespaces and environment mappings before file reads. Reject unsupported Host and Vite options; generated standalone startup projects only Host configuration fields.\n\nValidate production Vite constraints after config hooks. Keep the accepted dependency watcher until its replacement is ready, and release both during shutdown.\n\nGenerate modules exports and deployment entry from actual output chunks, including nested or hashed names; reject incompatible module extensions during the build.\n\nHonor explicitly configured Node artifact roots and resolvers in Vite. A source-detach failure no longer skips pending setup drain or active consumer cleanup; aggregated failures retain their original cause.\n"
    filename: runtime-admission-and-cleanup.md
    v: 0.0.0
  - content: "---\npackages:\n  \"@pluxel/core\":\n    type: patch\n  \"@pluxel/workbench\":\n    type: patch\n  \"@pluxel/rolldown\":\n    type: patch\n---\n\n# Build production Workbench artifacts from the source package graph\n\nCompile Plugin and application Workbench producers with explicit source exports and production conditions, including shared export inspection and required dynamic types. Cold workspace builds no longer require prebuilt Workbench artifacts. Distribution assembly continues to require built package exports without falling back to source.\n\nUpdate the Oxc parser dependency to 0.153 and validate the build with the refreshed Vite, Rolldown, and TypeScript toolchain.\n\nBundle the Workbench-owned pure transport admission rules into the toolchain and locate its capnweb dependency through the package manifest. Publication metadata validation no longer loads the Workbench runtime build.\n\nUpdate the exact Workbench federation compatibility profile to Module Federation Vite 1.23.3 and Runtime, SDK, and React Bridge 2.9.2. Rebuild producer artifacts with the updated profile. Keep the full shared export surface adaptation for Mantine producers.\n"
    filename: ci-workbench-cold-build.md
    v: 0.0.0
  - content: "---\npackages:\n  \"@pluxel/core\":\n    type: patch\n---\n\n## Bundle Eventure in Core\n\nCore now bundles its Eventure runtime and types from the workspace source. Installing\nCore no longer installs `eventure` as a separate dependency.\n"
    filename: core-vendor-eventure.md
    v: 0.0.0
  - content: "---\npackages:\n  \"@pluxel/rolldown\":\n    type: patch\n---\n\n# Resolve package imports in modules delivery\n\nResolve package.json imports during modules builds: compile local targets and retain external package boundaries. Relocated outputs no longer contain unresolved package-local aliases whose mappings were omitted from the output manifest.\n"
    filename: modules-package-imports.md
    v: 0.0.0
  - content: "---\npackages:\n  \"@pluxel/rolldown\":\n    type: patch\n---\n\n# Resolve generated plugin foreign keys within the owner schema\n\nNew Drizzle migrations keep foreign keys between ordinary `pgTable()` tables in the plugin's isolated owner schema. Explicitly scoped and external references retain their declared schema.\n"
    filename: rolldown-owner-schema-foreign-keys.md
    v: 0.0.0
core:packages:
  - id: npm:@pluxel/async
    updated: true
  - changelogIds:
      - development-workspace-setup.md
      - native-modules-vite-runtime.md
    id: npm:@pluxel/cli
    updated: true
  - id: npm:@pluxel/context
    updated: true
  - changelogIds:
      - application-build-entry.md
      - development-workspace-setup.md
      - native-modules-vite-runtime.md
    id: npm:@pluxel/create
    updated: true
  - id: npm:@pluxel/commands
    updated: true
  - changelogIds:
      - native-modules-vite-runtime.md
      - runtime-admission-and-cleanup.md
    id: npm:@pluxel/host
    updated: true
  - changelogIds:
      - development-workspace-setup.md
      - native-modules-vite-runtime.md
      - runtime-admission-and-cleanup.md
    id: npm:@pluxel/host-vite
    updated: true
  - changelogIds:
      - ci-workbench-cold-build.md
      - core-vendor-eventure.md
    id: npm:@pluxel/core
    updated: true
  - changelogIds:
      - ci-workbench-cold-build.md
      - modules-package-imports.md
      - native-modules-vite-runtime.md
      - rolldown-owner-schema-foreign-keys.md
      - runtime-admission-and-cleanup.md
    id: npm:@pluxel/rolldown
    updated: true
  - id: npm:@pluxel/test
    updated: true
  - changelogIds:
      - application-build-entry.md
      - native-modules-vite-runtime.md
      - runtime-admission-and-cleanup.md
    id: npm:@pluxel/services
    updated: true
  - changelogIds:
      - ci-workbench-cold-build.md
      - native-modules-vite-runtime.md
    id: npm:@pluxel/workbench
    updated: true
  - id: npm:valibot-form
    updated: true
  - changelogIds:
      - native-modules-vite-runtime.md
    id: npm:@pluxel/auth
    updated: true
  - changelogIds:
      - native-modules-vite-runtime.md
    id: npm:@pluxel/wretch
    updated: true
  - id: npm:eventure
    updated: false
  - changelogIds:
      - native-modules-vite-runtime.md
    id: npm:@pluxel/canvas
    updated: true
  - changelogIds:
      - native-modules-vite-runtime.md
    id: npm:@pluxel/echarts
    updated: true
  - changelogIds:
      - native-modules-vite-runtime.md
    id: npm:@pluxel/fonts
    updated: true
  - changelogIds:
      - native-modules-vite-runtime.md
    id: npm:@pluxel/takumi
    updated: true
  - id: npm:@pluxel/takumi-markdown-typst
    updated: true
  - id: npm:@pluxel/takumi-markdown
    updated: true
npm:packages:
  - id: npm:@pluxel/async
  - id: npm:@pluxel/cli
  - id: npm:@pluxel/context
  - id: npm:@pluxel/create
  - id: npm:@pluxel/commands
  - id: npm:@pluxel/host
  - id: npm:@pluxel/host-vite
  - id: npm:@pluxel/core
  - id: npm:@pluxel/rolldown
  - id: npm:@pluxel/test
  - id: npm:@pluxel/services
  - id: npm:@pluxel/workbench
  - id: npm:valibot-form
  - id: npm:@pluxel/auth
  - id: npm:@pluxel/wretch
  - id: npm:eventure
  - id: npm:@pluxel/canvas
  - id: npm:@pluxel/echarts
  - id: npm:@pluxel/fonts
  - id: npm:@pluxel/takumi
  - id: npm:@pluxel/takumi-markdown-typst
  - id: npm:@pluxel/takumi-markdown
